{
  "R": {
    "Version": "4.5.0",
    "Repositories": [
      {
        "Name": "CRAN",
        "URL": "https://cloud.r-project.org"
      }
    ]
  },
  "Packages": {
    "BH": {
      "Package": "BH",
      "Version": "1.87.0-1",
      "Source": "Repository",
      "Requirements": []
    },
    "BayesFactor": {
      "Package": "BayesFactor",
      "Version": "0.9.12-4.7",
      "Source": "Repository",
      "Requirements": [
        "coda",
        "graphics",
        "hypergeo",
        "Matrix",
        "MatrixModels",
        "methods",
        "mvtnorm",
        "pbapply",
        "R",
        "Rcpp",
        "RcppEigen",
        "stringr",
        "utils"
      ]
    },
    "Brobdingnag": {
      "Package": "Brobdingnag",
      "Version": "1.2-9",
      "Source": "Repository",
      "Requirements": [
        "Matrix",
        "methods",
        "R"
      ]
    },
    "Deriv": {
      "Package": "Deriv",
      "Version": "4.1.6",
      "Source": "Repository",
      "Requirements": [
        "methods"
      ]
    },
    "Formula": {
      "Package": "Formula",
      "Version": "1.2-5",
      "Source": "Repository",
      "Requirements": [
        "R",
        "stats"
      ]
    },
    "LaplacesDemon": {
      "Package": "LaplacesDemon",
      "Version": "16.1.6",
      "Source": "Repository",
      "Requirements": [
        "graphics",
        "grDevices",
        "parallel",
        "R",
        "stats",
        "utils"
      ]
    },
    "MASS": {
      "Package": "MASS",
      "Version": "7.3-65",
      "Source": "Repository",
      "Requirements": [
        "graphics",
        "grDevices",
        "methods",
        "R",
        "stats",
        "utils"
      ]
    },
    "Matrix": {
      "Package": "Matrix",
      "Version": "1.7-3",
      "Source": "Repository",
      "Requirements": [
        "graphics",
        "grDevices",
        "grid",
        "lattice",
        "methods",
        "R",
        "stats",
        "utils"
      ]
    },
    "MatrixModels": {
      "Package": "MatrixModels",
      "Version": "0.5-4",
      "Source": "Repository",
      "Requirements": [
        "Matrix",
        "methods",
        "R",
        "stats"
      ]
    },
    "QuickJSR": {
      "Package": "QuickJSR",
      "Version": "1.7.0",
      "Source": "Repository",
      "Requirements": []
    },
    "R6": {
      "Package": "R6",
      "Version": "2.6.1",
      "Source": "Repository",
      "Requirements": [
        "R"
      ]
    },
    "RColorBrewer": {
      "Package": "RColorBrewer",
      "Version": "1.1-3",
      "Source": "Repository",
      "Requirements": [
        "R"
      ]
    },
    "Rcpp": {
      "Package": "Rcpp",
      "Version": "1.0.14",
      "Source": "Repository",
      "Requirements": [
        "methods",
        "utils"
      ]
    },
    "RcppArmadillo": {
      "Package": "RcppArmadillo",
      "Version": "14.4.3-1",
      "Source": "Repository",
      "Requirements": [
        "methods",
        "R",
        "Rcpp",
        "stats",
        "utils"
      ]
    },
    "RcppEigen": {
      "Package": "RcppEigen",
      "Version": "0.3.4.0.2",
      "Source": "Repository",
      "Requirements": [
        "R",
        "Rcpp",
        "stats",
        "utils"
      ]
    },
    "RcppParallel": {
      "Package": "RcppParallel",
      "Version": "5.1.10",
      "Source": "Repository",
      "Requirements": [
        "R"
      ]
    },
    "Rdpack": {
      "Package": "Rdpack",
      "Version": "2.6.4",
      "Source": "Repository",
      "Requirements": [
        "methods",
        "R",
        "rbibutils",
        "tools",
        "utils"
      ]
    },
    "SparseM": {
      "Package": "SparseM",
      "Version": "1.84-2",
      "Source": "Repository",
      "Requirements": [
        "graphics",
        "methods",
        "R",
        "stats",
        "utils"
      ]
    },
    "StanHeaders": {
      "Package": "StanHeaders",
      "Version": "2.32.10",
      "Source": "Repository",
      "Requirements": [
        "R",
        "RcppEigen",
        "RcppParallel"
      ]
    },
    "TH.data": {
      "Package": "TH.data",
      "Version": "1.1-3",
      "Source": "Repository",
      "Requirements": [
        "MASS",
        "R",
        "survival"
      ]
    },
    "TTR": {
      "Package": "TTR",
      "Version": "0.24.4",
      "Source": "Repository",
      "Requirements": [
        "curl",
        "xts",
        "zoo"
      ]
    },
    "abind": {
      "Package": "abind",
      "Version": "1.4-8",
      "Source": "Repository",
      "Requirements": [
        "methods",
        "R",
        "utils"
      ]
    },
    "askpass": {
      "Package": "askpass",
      "Version": "1.2.1",
      "Source": "Repository",
      "Requirements": [
        "sys"
      ]
    },
    "backports": {
      "Package": "backports",
      "Version": "1.5.0",
      "Source": "Repository",
      "Requirements": [
        "R"
      ]
    },
    "base64enc": {
      "Package": "base64enc",
      "Version": "0.1-3",
      "Source": "Repository",
      "Requirements": [
        "R"
      ]
    },
    "boot": {
      "Package": "boot",
      "Version": "1.3-31",
      "Source": "Repository",
      "Requirements": [
        "graphics",
        "R",
        "stats"
      ]
    },
    "bridgesampling": {
      "Package": "bridgesampling",
      "Version": "1.1-2",
      "Source": "Repository",
      "Requirements": [
        "Brobdingnag",
        "coda",
        "Matrix",
        "methods",
        "mvtnorm",
        "parallel",
        "R",
        "scales",
        "stringr",
        "utils"
      ]
    },
    "broom": {
      "Package": "broom",
      "Version": "1.0.8",
      "Source": "Repository",
      "Requirements": [
        "backports",
        "cli",
        "dplyr",
        "generics",
        "glue",
        "lifecycle",
        "purrr",
        "R",
        "rlang",
        "stringr",
        "tibble",
        "tidyr"
      ]
    },
    "callr": {
      "Package": "callr",
      "Version": "3.7.6",
      "Source": "Repository",
      "Requirements": [
        "processx",
        "R",
        "R6",
        "utils"
      ]
    },
    "car": {
      "Package": "car",
      "Version": "3.1-3",
      "Source": "Repository",
      "Requirements": [
        "abind",
        "carData",
        "Formula",
        "graphics",
        "grDevices",
        "lme4",
        "MASS",
        "mgcv",
        "nlme",
        "nnet",
        "pbkrtest",
        "quantreg",
        "R",
        "scales",
        "stats",
        "utils"
      ]
    },
    "carData": {
      "Package": "carData",
      "Version": "3.0-5",
      "Source": "Repository",
      "Requirements": [
        "R"
      ]
    },
    "checkmate": {
      "Package": "checkmate",
      "Version": "2.3.2",
      "Source": "Repository",
      "Requirements": [
        "backports",
        "R",
        "utils"
      ]
    },
    "cli": {
      "Package": "cli",
      "Version": "3.6.5",
      "Source": "Repository",
      "Requirements": [
        "R",
        "utils"
      ]
    },
    "coda": {
      "Package": "coda",
      "Version": "0.19-4.1",
      "Source": "Repository",
      "Requirements": [
        "lattice",
        "R"
      ]
    },
    "codetools": {
      "Package": "codetools",
      "Version": "0.2-20",
      "Source": "Repository",
      "Requirements": [
        "R"
      ]
    },
    "coin": {
      "Package": "coin",
      "Version": "1.4-3",
      "Source": "Repository",
      "Requirements": [
        "libcoin",
        "matrixStats",
        "methods",
        "modeltools",
        "multcomp",
        "mvtnorm",
        "parallel",
        "R",
        "stats",
        "stats4",
        "survival",
        "utils"
      ]
    },
    "colorspace": {
      "Package": "colorspace",
      "Version": "2.1-1",
      "Source": "Repository",
      "Requirements": [
        "graphics",
        "grDevices",
        "methods",
        "R",
        "stats"
      ]
    },
    "commonmark": {
      "Package": "commonmark",
      "Version": "1.9.5",
      "Source": "Repository",
      "Requirements": []
    },
    "contfrac": {
      "Package": "contfrac",
      "Version": "1.1-12",
      "Source": "Repository",
      "Requirements": []
    },
    "cowplot": {
      "Package": "cowplot",
      "Version": "1.1.3",
      "Source": "Repository",
      "Requirements": [
        "ggplot2",
        "grDevices",
        "grid",
        "gtable",
        "methods",
        "R",
        "rlang",
        "scales"
      ]
    },
    "cpp11": {
      "Package": "cpp11",
      "Version": "0.5.2",
      "Source": "Repository",
      "Requirements": [
        "R"
      ]
    },
    "curl": {
      "Package": "curl",
      "Version": "6.2.3",
      "Source": "Repository",
      "Requirements": [
        "R"
      ]
    },
    "deSolve": {
      "Package": "deSolve",
      "Version": "1.40",
      "Source": "Repository",
      "Requirements": [
        "graphics",
        "grDevices",
        "methods",
        "R",
        "stats"
      ]
    },
    "desc": {
      "Package": "desc",
      "Version": "1.4.3",
      "Source": "Repository",
      "Requirements": [
        "cli",
        "R",
        "R6",
        "utils"
      ]
    },
    "digest": {
      "Package": "digest",
      "Version": "0.6.37",
      "Source": "Repository",
      "Requirements": [
        "R",
        "utils"
      ]
    },
    "distributional": {
      "Package": "distributional",
      "Version": "0.5.0",
      "Source": "Repository",
      "Requirements": [
        "generics",
        "lifecycle",
        "numDeriv",
        "pillar",
        "rlang",
        "stats",
        "utils",
        "vctrs"
      ]
    },
    "doBy": {
      "Package": "doBy",
      "Version": "4.6.27",
      "Source": "Repository",
      "Requirements": [
        "boot",
        "broom",
        "cowplot",
        "Deriv",
        "dplyr",
        "ggplot2",
        "MASS",
        "Matrix",
        "methods",
        "microbenchmark",
        "modelr",
        "R",
        "rlang",
        "tibble",
        "tidyr"
      ]
    },
    "dplyr": {
      "Package": "dplyr",
      "Version": "1.1.4",
      "Source": "Repository",
      "Requirements": [
        "cli",
        "generics",
        "glue",
        "lifecycle",
        "magrittr",
        "methods",
        "pillar",
        "R",
        "R6",
        "rlang",
        "tibble",
        "tidyselect",
        "utils",
        "vctrs"
      ]
    },
    "elliptic": {
      "Package": "elliptic",
      "Version": "1.4-0",
      "Source": "Repository",
      "Requirements": [
        "MASS",
        "R"
      ]
    },
    "fansi": {
      "Package": "fansi",
      "Version": "1.0.6",
      "Source": "Repository",
      "Requirements": [
        "grDevices",
        "R",
        "utils"
      ]
    },
    "farver": {
      "Package": "farver",
      "Version": "2.1.2",
      "Source": "Repository",
      "Requirements": []
    },
    "fastmap": {
      "Package": "fastmap",
      "Version": "1.2.0",
      "Source": "Repository",
      "Requirements": []
    },
    "flexplot": {
      "Package": "flexplot",
      "Version": "0.25",
      "Source": "GitHub",
      "Requirements": [
        "R",
        "cowplot",
        "MASS",
        "tibble",
        "withr",
        "dplyr",
        "magrittr",
        "forcats",
        "purrr",
        "plyr",
        "R6",
        "ggplot2",
        "patchwork",
        "ggsci",
        "lme4",
        "party",
        "mgcv",
        "rlang",
        "jmvcore",
        "vdiffr",
        "knitr",
        "testthat",
        "randomForest",
        "markdown",
        "papaja",
        "tidyverse"
      ],
      "RemoteType": "github",
      "RemoteHost": "api.github.com",
      "RemoteUsername": "dustinfife",
      "RemoteRepo": "flexplot",
      "RemoteSha": "993fe2662e7a90173002e95af22b56dd0b240d3f"
    },
    "fontBitstreamVera": {
      "Package": "fontBitstreamVera",
      "Version": "0.1.1",
      "Source": "Repository",
      "Requirements": [
        "R"
      ]
    },
    "fontLiberation": {
      "Package": "fontLiberation",
      "Version": "0.1.0",
      "Source": "Repository",
      "Requirements": [
        "R"
      ]
    },
    "fontquiver": {
      "Package": "fontquiver",
      "Version": "0.2.1",
      "Source": "Repository",
      "Requirements": [
        "fontBitstreamVera",
        "fontLiberation",
        "R"
      ]
    },
    "forcats": {
      "Package": "forcats",
      "Version": "1.0.0",
      "Source": "Repository",
      "Requirements": [
        "cli",
        "glue",
        "lifecycle",
        "magrittr",
        "R",
        "rlang",
        "tibble"
      ]
    },
    "forecast": {
      "Package": "forecast",
      "Version": "8.24.0",
      "Source": "Repository",
      "Requirements": [
        "colorspace",
        "fracdiff",
        "generics",
        "ggplot2",
        "graphics",
        "lmtest",
        "magrittr",
        "nnet",
        "parallel",
        "R",
        "Rcpp",
        "RcppArmadillo",
        "stats",
        "timeDate",
        "tseries",
        "urca",
        "withr",
        "zoo"
      ]
    },
    "fracdiff": {
      "Package": "fracdiff",
      "Version": "1.5-3",
      "Source": "Repository",
      "Requirements": [
        "stats"
      ]
    },
    "gdtools": {
      "Package": "gdtools",
      "Version": "0.4.2",
      "Source": "Repository",
      "Requirements": [
        "fontquiver",
        "htmltools",
        "R",
        "Rcpp",
        "systemfonts",
        "tools"
      ]
    },
    "generics": {
      "Package": "generics",
      "Version": "0.1.4",
      "Source": "Repository",
      "Requirements": [
        "methods",
        "R"
      ]
    },
    "gghalves": {
      "Package": "gghalves",
      "Version": "0.1.4",
      "Source": "Repository",
      "Requirements": [
        "ggplot2",
        "grDevices",
        "grid",
        "gtable",
        "R"
      ]
    },
    "ggplot2": {
      "Package": "ggplot2",
      "Version": "3.5.2",
      "Source": "Repository",
      "Requirements": [
        "cli",
        "glue",
        "grDevices",
        "grid",
        "gtable",
        "isoband",
        "lifecycle",
        "MASS",
        "mgcv",
        "R",
        "rlang",
        "scales",
        "stats",
        "tibble",
        "vctrs",
        "withr"
      ]
    },
    "ggpp": {
      "Package": "ggpp",
      "Version": "0.5.8-1",
      "Source": "Repository",
      "Requirements": [
        "dplyr",
        "ggplot2",
        "glue",
        "grDevices",
        "grid",
        "gridExtra",
        "lubridate",
        "magrittr",
        "MASS",
        "polynom",
        "R",
        "rlang",
        "scales",
        "stats",
        "stringr",
        "tibble",
        "vctrs",
        "xts",
        "zoo"
      ]
    },
    "ggrain": {
      "Package": "ggrain",
      "Version": "0.0.4",
      "Source": "Repository",
      "Requirements": [
        "cli",
        "gghalves",
        "ggplot2",
        "ggpp",
        "grid",
        "R",
        "rlang",
        "vctrs"
      ]
    },
    "ggrepel": {
      "Package": "ggrepel",
      "Version": "0.9.6",
      "Source": "Repository",
      "Requirements": [
        "ggplot2",
        "grid",
        "R",
        "Rcpp",
        "rlang",
        "scales",
        "withr"
      ]
    },
    "ggsci": {
      "Package": "ggsci",
      "Version": "3.2.0",
      "Source": "Repository",
      "Requirements": [
        "ggplot2",
        "grDevices",
        "R",
        "scales"
      ]
    },
    "ggtext": {
      "Package": "ggtext",
      "Version": "0.1.2",
      "Source": "Repository",
      "Requirements": [
        "ggplot2",
        "grid",
        "gridtext",
        "R",
        "rlang",
        "scales"
      ]
    },
    "glue": {
      "Package": "glue",
      "Version": "1.8.0",
      "Source": "Repository",
      "Requirements": [
        "methods",
        "R"
      ]
    },
    "gridExtra": {
      "Package": "gridExtra",
      "Version": "2.3",
      "Source": "Repository",
      "Requirements": [
        "graphics",
        "grDevices",
        "grid",
        "gtable",
        "utils"
      ]
    },
    "gridGraphics": {
      "Package": "gridGraphics",
      "Version": "0.5-1",
      "Source": "Repository",
      "Requirements": [
        "graphics",
        "grDevices",
        "grid"
      ]
    },
    "gridtext": {
      "Package": "gridtext",
      "Version": "0.1.5",
      "Source": "Repository",
      "Requirements": [
        "curl",
        "grDevices",
        "grid",
        "jpeg",
        "markdown",
        "png",
        "R",
        "Rcpp",
        "rlang",
        "stringr",
        "xml2"
      ]
    },
    "gtable": {
      "Package": "gtable",
      "Version": "0.3.6",
      "Source": "Repository",
      "Requirements": [
        "cli",
        "glue",
        "grid",
        "lifecycle",
        "R",
        "rlang",
        "stats"
      ]
    },
    "htmltools": {
      "Package": "htmltools",
      "Version": "0.5.8.1",
      "Source": "Repository",
      "Requirements": [
        "base64enc",
        "digest",
        "fastmap",
        "grDevices",
        "R",
        "rlang",
        "utils"
      ]
    },
    "hypergeo": {
      "Package": "hypergeo",
      "Version": "1.2-14",
      "Source": "Repository",
      "Requirements": [
        "contfrac",
        "deSolve",
        "elliptic",
        "R"
      ]
    },
    "inline": {
      "Package": "inline",
      "Version": "0.3.21",
      "Source": "Repository",
      "Requirements": [
        "methods"
      ]
    },
    "isoband": {
      "Package": "isoband",
      "Version": "0.2.7",
      "Source": "Repository",
      "Requirements": [
        "grid",
        "utils"
      ]
    },
    "jaspBase": {
      "Package": "jaspBase",
      "Version": "0.20.0",
      "Source": "GitHub",
      "Requirements": [
        "cli",
        "codetools",
        "ggplot2",
        "gridExtra",
        "gridGraphics",
        "jaspGraphs",
        "jsonlite",
        "lifecycle",
        "officer",
        "pkgbuild",
        "plyr",
        "ragg",
        "R6",
        "Rcpp",
        "rvg",
        "svglite",
        "systemfonts",
        "withr",
        "testthat"
      ],
      "RemoteType": "github",
      "RemoteHost": "api.github.com",
      "RemoteUsername": "jasp-stats",
      "RemoteRepo": "jaspBase",
      "RemoteSha": "9dd637722c25bf0ea035ccaabf58ef9faf36b852"
    },
    "jaspDescriptives": {
      "Package": "jaspDescriptives",
      "Version": "0.20.0",
      "Source": "GitHub",
      "Requirements": [
        "ggplot2",
        "ggrepel",
        "jaspBase",
        "jaspGraphs",
        "jaspTTests",
        "forecast",
        "flexplot",
        "ggrain",
        "ggpp",
        "ggtext",
        "dplyr"
      ],
      "RemoteType": "github",
      "RemoteHost": "api.github.com",
      "RemoteUsername": "jasp-stats",
      "RemoteRepo": "jaspDescriptives",
      "RemoteSha": "3cc4f1791b93da32ac6efc769a6ad6c3ea25c61b"
    },
    "jaspGraphs": {
      "Package": "jaspGraphs",
      "Version": "0.20.0",
      "Source": "GitHub",
      "Requirements": [
        "testthat",
        "ggplot2",
        "gridExtra",
        "gtable",
        "lifecycle",
        "jsonlite",
        "R6",
        "RColorBrewer",
        "rlang",
        "scales",
        "viridisLite"
      ],
      "RemoteType": "github",
      "RemoteHost": "api.github.com",
      "RemoteUsername": "jasp-stats",
      "RemoteRepo": "jaspGraphs",
      "RemoteSha": "e9e962c1e3c95e09f984b52708d39e49599e394e"
    },
    "jaspTTests": {
      "Package": "jaspTTests",
      "Version": "0.20.0",
      "Source": "GitHub",
      "Requirements": [
        "BayesFactor",
        "car",
        "ggplot2",
        "jaspBase",
        "jaspGraphs",
        "logspline",
        "plotrix",
        "plyr"
      ],
      "RemoteType": "github",
      "RemoteHost": "api.github.com",
      "RemoteUsername": "jasp-stats",
      "RemoteRepo": "jaspTTests",
      "RemoteSha": "6f23fffa770d6fa9cc4bc928957109b0eece972a"
    },
    "jpeg": {
      "Package": "jpeg",
      "Version": "0.1-11",
      "Source": "Repository",
      "Requirements": [
        "R"
      ]
    },
    "jsonlite": {
      "Package": "jsonlite",
      "Version": "2.0.0",
      "Source": "Repository",
      "Requirements": [
        "methods"
      ]
    },
    "labeling": {
      "Package": "labeling",
      "Version": "0.4.3",
      "Source": "Repository",
      "Requirements": [
        "graphics",
        "stats"
      ]
    },
    "lattice": {
      "Package": "lattice",
      "Version": "0.22-7",
      "Source": "Repository",
      "Requirements": [
        "graphics",
        "grDevices",
        "grid",
        "R",
        "stats",
        "utils"
      ]
    },
    "libcoin": {
      "Package": "libcoin",
      "Version": "1.0-10",
      "Source": "Repository",
      "Requirements": [
        "mvtnorm",
        "R",
        "stats"
      ]
    },
    "lifecycle": {
      "Package": "lifecycle",
      "Version": "1.0.4",
      "Source": "Repository",
      "Requirements": [
        "cli",
        "glue",
        "R",
        "rlang"
      ]
    },
    "litedown": {
      "Package": "litedown",
      "Version": "0.7",
      "Source": "Repository",
      "Requirements": [
        "commonmark",
        "R",
        "utils",
        "xfun"
      ]
    },
    "lme4": {
      "Package": "lme4",
      "Version": "1.1-37",
      "Source": "Repository",
      "Requirements": [
        "boot",
        "graphics",
        "grid",
        "lattice",
        "MASS",
        "Matrix",
        "methods",
        "minqa",
        "nlme",
        "nloptr",
        "parallel",
        "R",
        "Rcpp",
        "RcppEigen",
        "reformulas",
        "splines",
        "stats",
        "utils"
      ]
    },
    "lmtest": {
      "Package": "lmtest",
      "Version": "0.9-40",
      "Source": "Repository",
      "Requirements": [
        "graphics",
        "R",
        "stats",
        "zoo"
      ]
    },
    "logspline": {
      "Package": "logspline",
      "Version": "2.1.22",
      "Source": "Repository",
      "Requirements": [
        "graphics",
        "stats"
      ]
    },
    "loo": {
      "Package": "loo",
      "Version": "2.8.0",
      "Source": "Repository",
      "Requirements": [
        "checkmate",
        "matrixStats",
        "parallel",
        "posterior",
        "R",
        "stats"
      ]
    },
    "lubridate": {
      "Package": "lubridate",
      "Version": "1.9.4",
      "Source": "Repository",
      "Requirements": [
        "generics",
        "methods",
        "R",
        "timechange"
      ]
    },
    "magrittr": {
      "Package": "magrittr",
      "Version": "2.0.3",
      "Source": "Repository",
      "Requirements": [
        "R"
      ]
    },
    "markdown": {
      "Package": "markdown",
      "Version": "2.0",
      "Source": "Repository",
      "Requirements": [
        "litedown",
        "R",
        "utils",
        "xfun"
      ]
    },
    "mathjaxr": {
      "Package": "mathjaxr",
      "Version": "1.8-0",
      "Source": "Repository",
      "Requirements": []
    },
    "matrixStats": {
      "Package": "matrixStats",
      "Version": "1.5.0",
      "Source": "Repository",
      "Requirements": [
        "R"
      ]
    },
    "metaBMA": {
      "Package": "metaBMA",
      "Version": "0.6.9",
      "Source": "Repository",
      "Requirements": [
        "BH",
        "bridgesampling",
        "coda",
        "LaplacesDemon",
        "logspline",
        "methods",
        "mvtnorm",
        "R",
        "Rcpp",
        "RcppEigen",
        "RcppParallel",
        "rstan",
        "rstantools",
        "StanHeaders"
      ]
    },
    "metadat": {
      "Package": "metadat",
      "Version": "1.4-0",
      "Source": "Repository",
      "Requirements": [
        "mathjaxr",
        "R",
        "tools",
        "utils"
      ]
    },
    "metafor": {
      "Package": "metafor",
      "Version": "4.8-0",
      "Source": "Repository",
      "Requirements": [
        "digest",
        "graphics",
        "grDevices",
        "mathjaxr",
        "Matrix",
        "metadat",
        "methods",
        "nlme",
        "numDeriv",
        "pbapply",
        "R",
        "stats",
        "utils"
      ]
    },
    "mgcv": {
      "Package": "mgcv",
      "Version": "1.9-3",
      "Source": "Repository",
      "Requirements": [
        "graphics",
        "Matrix",
        "methods",
        "nlme",
        "R",
        "splines",
        "stats",
        "utils"
      ]
    },
    "microbenchmark": {
      "Package": "microbenchmark",
      "Version": "1.5.0",
      "Source": "Repository",
      "Requirements": [
        "graphics",
        "R",
        "stats"
      ]
    },
    "minqa": {
      "Package": "minqa",
      "Version": "1.2.8",
      "Source": "Repository",
      "Requirements": [
        "Rcpp"
      ]
    },
    "modelr": {
      "Package": "modelr",
      "Version": "0.1.11",
      "Source": "Repository",
      "Requirements": [
        "broom",
        "magrittr",
        "purrr",
        "R",
        "rlang",
        "tibble",
        "tidyr",
        "tidyselect",
        "vctrs"
      ]
    },
    "modeltools": {
      "Package": "modeltools",
      "Version": "0.2-24",
      "Source": "Repository",
      "Requirements": [
        "methods",
        "stats",
        "stats4"
      ]
    },
    "multcomp": {
      "Package": "multcomp",
      "Version": "1.4-28",
      "Source": "Repository",
      "Requirements": [
        "codetools",
        "graphics",
        "mvtnorm",
        "sandwich",
        "stats",
        "survival",
        "TH.data"
      ]
    },
    "mvtnorm": {
      "Package": "mvtnorm",
      "Version": "1.3-3",
      "Source": "Repository",
      "Requirements": [
        "R",
        "stats"
      ]
    },
    "nlme": {
      "Package": "nlme",
      "Version": "3.1-168",
      "Source": "Repository",
      "Requirements": [
        "graphics",
        "lattice",
        "R",
        "stats",
        "utils"
      ]
    },
    "nloptr": {
      "Package": "nloptr",
      "Version": "2.2.1",
      "Source": "Repository",
      "Requirements": []
    },
    "nnet": {
      "Package": "nnet",
      "Version": "7.3-20",
      "Source": "Repository",
      "Requirements": [
        "R",
        "stats",
        "utils"
      ]
    },
    "numDeriv": {
      "Package": "numDeriv",
      "Version": "2016.8-1.1",
      "Source": "Repository",
      "Requirements": [
        "R"
      ]
    },
    "officer": {
      "Package": "officer",
      "Version": "0.6.9",
      "Source": "Repository",
      "Requirements": [
        "cli",
        "graphics",
        "grDevices",
        "openssl",
        "R6",
        "ragg",
        "stats",
        "utils",
        "uuid",
        "xml2",
        "zip"
      ]
    },
    "openssl": {
      "Package": "openssl",
      "Version": "2.3.3",
      "Source": "Repository",
      "Requirements": [
        "askpass"
      ]
    },
    "party": {
      "Package": "party",
      "Version": "1.3-18",
      "Source": "Repository",
      "Requirements": [
        "coin",
        "grid",
        "methods",
        "modeltools",
        "mvtnorm",
        "R",
        "sandwich",
        "stats",
        "strucchange",
        "survival",
        "zoo"
      ]
    },
    "patchwork": {
      "Package": "patchwork",
      "Version": "1.3.0",
      "Source": "Repository",
      "Requirements": [
        "cli",
        "farver",
        "ggplot2",
        "graphics",
        "grDevices",
        "grid",
        "gtable",
        "rlang",
        "stats",
        "utils"
      ]
    },
    "pbapply": {
      "Package": "pbapply",
      "Version": "1.7-2",
      "Source": "Repository",
      "Requirements": [
        "parallel",
        "R"
      ]
    },
    "pbkrtest": {
      "Package": "pbkrtest",
      "Version": "0.5.4",
      "Source": "Repository",
      "Requirements": [
        "broom",
        "doBy",
        "dplyr",
        "lme4",
        "MASS",
        "Matrix",
        "methods",
        "numDeriv",
        "R"
      ]
    },
    "pillar": {
      "Package": "pillar",
      "Version": "1.10.2",
      "Source": "Repository",
      "Requirements": [
        "cli",
        "glue",
        "lifecycle",
        "rlang",
        "utf8",
        "utils",
        "vctrs"
      ]
    },
    "pkgbuild": {
      "Package": "pkgbuild",
      "Version": "1.4.8",
      "Source": "Repository",
      "Requirements": [
        "callr",
        "cli",
        "desc",
        "processx",
        "R",
        "R6"
      ]
    },
    "pkgconfig": {
      "Package": "pkgconfig",
      "Version": "2.0.3",
      "Source": "Repository",
      "Requirements": [
        "utils"
      ]
    },
    "plotrix": {
      "Package": "plotrix",
      "Version": "3.8-4",
      "Source": "Repository",
      "Requirements": [
        "graphics",
        "grDevices",
        "R",
        "stats",
        "utils"
      ]
    },
    "plyr": {
      "Package": "plyr",
      "Version": "1.8.9",
      "Source": "Repository",
      "Requirements": [
        "R",
        "Rcpp"
      ]
    },
    "png": {
      "Package": "png",
      "Version": "0.1-8",
      "Source": "Repository",
      "Requirements": [
        "R"
      ]
    },
    "polynom": {
      "Package": "polynom",
      "Version": "1.4-1",
      "Source": "Repository",
      "Requirements": [
        "graphics",
        "stats"
      ]
    },
    "posterior": {
      "Package": "posterior",
      "Version": "1.6.1",
      "Source": "Repository",
      "Requirements": [
        "abind",
        "checkmate",
        "distributional",
        "matrixStats",
        "methods",
        "parallel",
        "pillar",
        "R",
        "rlang",
        "stats",
        "tensorA",
        "tibble",
        "vctrs"
      ]
    },
    "processx": {
      "Package": "processx",
      "Version": "3.8.6",
      "Source": "Repository",
      "Requirements": [
        "ps",
        "R",
        "R6",
        "utils"
      ]
    },
    "ps": {
      "Package": "ps",
      "Version": "1.9.1",
      "Source": "Repository",
      "Requirements": [
        "R",
        "utils"
      ]
    },
    "purrr": {
      "Package": "purrr",
      "Version": "1.0.4",
      "Source": "Repository",
      "Requirements": [
        "cli",
        "lifecycle",
        "magrittr",
        "R",
        "rlang",
        "vctrs"
      ]
    },
    "quadprog": {
      "Package": "quadprog",
      "Version": "1.5-8",
      "Source": "Repository",
      "Requirements": [
        "R"
      ]
    },
    "quantmod": {
      "Package": "quantmod",
      "Version": "0.4.27",
      "Source": "Repository",
      "Requirements": [
        "curl",
        "jsonlite",
        "methods",
        "R",
        "TTR",
        "xts",
        "zoo"
      ]
    },
    "quantreg": {
      "Package": "quantreg",
      "Version": "6.1",
      "Source": "Repository",
      "Requirements": [
        "graphics",
        "MASS",
        "Matrix",
        "MatrixModels",
        "methods",
        "R",
        "SparseM",
        "stats",
        "survival"
      ]
    },
    "ragg": {
      "Package": "ragg",
      "Version": "1.4.0",
      "Source": "Repository",
      "Requirements": [
        "systemfonts",
        "textshaping"
      ]
    },
    "rbibutils": {
      "Package": "rbibutils",
      "Version": "2.3",
      "Source": "Repository",
      "Requirements": [
        "R",
        "tools",
        "utils"
      ]
    },
    "reformulas": {
      "Package": "reformulas",
      "Version": "0.4.1",
      "Source": "Repository",
      "Requirements": [
        "Matrix",
        "methods",
        "Rdpack",
        "stats"
      ]
    },
    "rlang": {
      "Package": "rlang",
      "Version": "1.1.6",
      "Source": "Repository",
      "Requirements": [
        "R",
        "utils"
      ]
    },
    "rstan": {
      "Package": "rstan",
      "Version": "2.32.7",
      "Source": "Repository",
      "Requirements": [
        "BH",
        "ggplot2",
        "gridExtra",
        "inline",
        "loo",
        "methods",
        "pkgbuild",
        "QuickJSR",
        "R",
        "Rcpp",
        "RcppEigen",
        "RcppParallel",
        "StanHeaders",
        "stats4"
      ]
    },
    "rstantools": {
      "Package": "rstantools",
      "Version": "2.4.0",
      "Source": "Repository",
      "Requirements": [
        "desc",
        "Rcpp",
        "RcppParallel",
        "stats",
        "utils"
      ]
    },
    "rvg": {
      "Package": "rvg",
      "Version": "0.3.5",
      "Source": "Repository",
      "Requirements": [
        "gdtools",
        "grDevices",
        "officer",
        "R",
        "Rcpp",
        "rlang",
        "xml2"
      ]
    },
    "sandwich": {
      "Package": "sandwich",
      "Version": "3.1-1",
      "Source": "Repository",
      "Requirements": [
        "R",
        "stats",
        "utils",
        "zoo"
      ]
    },
    "scales": {
      "Package": "scales",
      "Version": "1.4.0",
      "Source": "Repository",
      "Requirements": [
        "cli",
        "farver",
        "glue",
        "labeling",
        "lifecycle",
        "R",
        "R6",
        "RColorBrewer",
        "rlang",
        "viridisLite"
      ]
    },
    "stringi": {
      "Package": "stringi",
      "Version": "1.8.7",
      "Source": "Repository",
      "Requirements": [
        "R",
        "stats",
        "tools",
        "utils"
      ]
    },
    "stringr": {
      "Package": "stringr",
      "Version": "1.5.1",
      "Source": "Repository",
      "Requirements": [
        "cli",
        "glue",
        "lifecycle",
        "magrittr",
        "R",
        "rlang",
        "stringi",
        "vctrs"
      ]
    },
    "strucchange": {
      "Package": "strucchange",
      "Version": "1.5-4",
      "Source": "Repository",
      "Requirements": [
        "graphics",
        "R",
        "sandwich",
        "stats",
        "utils",
        "zoo"
      ]
    },
    "survival": {
      "Package": "survival",
      "Version": "3.8-3",
      "Source": "Repository",
      "Requirements": [
        "graphics",
        "Matrix",
        "methods",
        "R",
        "splines",
        "stats",
        "utils"
      ]
    },
    "svglite": {
      "Package": "svglite",
      "Version": "2.2.1",
      "Source": "Repository",
      "Requirements": [
        "base64enc",
        "cli",
        "cpp11",
        "lifecycle",
        "R",
        "rlang",
        "systemfonts",
        "textshaping"
      ]
    },
    "sys": {
      "Package": "sys",
      "Version": "3.4.3",
      "Source": "Repository",
      "Requirements": []
    },
    "systemfonts": {
      "Package": "systemfonts",
      "Version": "1.2.3",
      "Source": "Repository",
      "Requirements": [
        "base64enc",
        "cpp11",
        "grid",
        "jsonlite",
        "lifecycle",
        "R",
        "tools",
        "utils"
      ]
    },
    "tensorA": {
      "Package": "tensorA",
      "Version": "0.36.2.1",
      "Source": "Repository",
      "Requirements": [
        "R",
        "stats"
      ]
    },
    "textshaping": {
      "Package": "textshaping",
      "Version": "1.0.1",
      "Source": "Repository",
      "Requirements": [
        "cpp11",
        "lifecycle",
        "R",
        "stats",
        "stringi",
        "systemfonts",
        "utils"
      ]
    },
    "tibble": {
      "Package": "tibble",
      "Version": "3.2.1",
      "Source": "Repository",
      "Requirements": [
        "fansi",
        "lifecycle",
        "magrittr",
        "methods",
        "pillar",
        "pkgconfig",
        "R",
        "rlang",
        "utils",
        "vctrs"
      ]
    },
    "tidyr": {
      "Package": "tidyr",
      "Version": "1.3.1",
      "Source": "Repository",
      "Requirements": [
        "cli",
        "cpp11",
        "dplyr",
        "glue",
        "lifecycle",
        "magrittr",
        "purrr",
        "R",
        "rlang",
        "stringr",
        "tibble",
        "tidyselect",
        "utils",
        "vctrs"
      ]
    },
    "tidyselect": {
      "Package": "tidyselect",
      "Version": "1.2.1",
      "Source": "Repository",
      "Requirements": [
        "cli",
        "glue",
        "lifecycle",
        "R",
        "rlang",
        "vctrs",
        "withr"
      ]
    },
    "timeDate": {
      "Package": "timeDate",
      "Version": "4041.110",
      "Source": "Repository",
      "Requirements": [
        "graphics",
        "methods",
        "R",
        "stats",
        "utils"
      ]
    },
    "timechange": {
      "Package": "timechange",
      "Version": "0.3.0",
      "Source": "Repository",
      "Requirements": [
        "cpp11",
        "R"
      ]
    },
    "tseries": {
      "Package": "tseries",
      "Version": "0.10-58",
      "Source": "Repository",
      "Requirements": [
        "graphics",
        "jsonlite",
        "quadprog",
        "quantmod",
        "R",
        "stats",
        "utils",
        "zoo"
      ]
    },
    "urca": {
      "Package": "urca",
      "Version": "1.3-4",
      "Source": "Repository",
      "Requirements": [
        "graphics",
        "methods",
        "nlme",
        "R",
        "stats"
      ]
    },
    "utf8": {
      "Package": "utf8",
      "Version": "1.2.5",
      "Source": "Repository",
      "Requirements": [
        "R"
      ]
    },
    "uuid": {
      "Package": "uuid",
      "Version": "1.2-1",
      "Source": "Repository",
      "Requirements": [
        "R"
      ]
    },
    "vctrs": {
      "Package": "vctrs",
      "Version": "0.6.5",
      "Source": "Repository",
      "Requirements": [
        "cli",
        "glue",
        "lifecycle",
        "R",
        "rlang"
      ]
    },
    "viridisLite": {
      "Package": "viridisLite",
      "Version": "0.4.2",
      "Source": "Repository",
      "Requirements": [
        "R"
      ]
    },
    "withr": {
      "Package": "withr",
      "Version": "3.0.2",
      "Source": "Repository",
      "Requirements": [
        "graphics",
        "grDevices",
        "R"
      ]
    },
    "xfun": {
      "Package": "xfun",
      "Version": "0.52",
      "Source": "Repository",
      "Requirements": [
        "grDevices",
        "R",
        "stats",
        "tools"
      ]
    },
    "xml2": {
      "Package": "xml2",
      "Version": "1.3.8",
      "Source": "Repository",
      "Requirements": [
        "cli",
        "methods",
        "R",
        "rlang"
      ]
    },
    "xts": {
      "Package": "xts",
      "Version": "0.14.1",
      "Source": "Repository",
      "Requirements": [
        "methods",
        "R",
        "zoo"
      ]
    },
    "zip": {
      "Package": "zip",
      "Version": "2.3.3",
      "Source": "Repository",
      "Requirements": []
    },
    "zoo": {
      "Package": "zoo",
      "Version": "1.8-14",
      "Source": "Repository",
      "Requirements": [
        "graphics",
        "grDevices",
        "lattice",
        "R",
        "stats",
        "utils"
      ]
    }
  }
}
